
Microsoft Visual Studio Solution File, Format Version 12.00
# Visual Studio Version 16
VisualStudioVersion = 16.0.32228.343
MinimumVisualStudioVersion = 10.0.40219.1
Project("{FAE04EC0-301F-11D3-BF4B-00C04F79EFBC}") = "GitDemoCSharp2", "GitDemoCSharp2\GitDemoCSharp2.csproj", "{27607DF2-1DE6-46E4-A181-1044B38E8014}"
EndProject
Global
	GlobalSection(SolutionConfigurationPlatforms) = preSolution
		Debug|Any CPU = Debug|Any CPU
		Release|Any CPU = Release|Any CPU
	EndGlobalSection
	GlobalSection(ProjectConfigurationPlatforms) = postSolution
		{27607DF2-1DE6-46E4-A181-1044B38E8014}.Debug|Any CPU.ActiveCfg = Debug|Any CPU
		{27607DF2-1DE6-46E4-A181-1044B38E8014}.Debug|Any CPU.Build.0 = Debug|Any CPU
		{27607DF2-1DE6-46E4-A181-1044B38E8014}.Release|Any CPU.ActiveCfg = Release|Any CPU
		{27607DF2-1DE6-46E4-A181-1044B38E8014}.Release|Any CPU.Build.0 = Release|Any CPU
	EndGlobalSection
	GlobalSection(SolutionProperties) = preSolution
		HideSolutionNode = FALSE
	EndGlobalSection
	GlobalSection(ExtensibilityGlobals) = postSolution
		SolutionGuid = {D225CBA2-F376-4218-AC0E-46B8B3660F60}
	EndGlobalSection
EndGlobal
